// !$*UTF8*$!
{
	archiveVersion = 1;
	classes = {
	};
	objectVersion = 55;
	objects = {

/* Begin PBXBuildFile section */
		84AE1196288117A7008DB399 /* AppDelegate.swift in Sources */ = {isa = PBXBuildFile; fileRef = 84AE1195288117A7008DB399 /* AppDelegate.swift */; };
		84AE1198288117A7008DB399 /* SceneDelegate.swift in Sources */ = {isa = PBXBuildFile; fileRef = 84AE1197288117A7008DB399 /* SceneDelegate.swift */; };
		84AE119A288117A7008DB399 /* ViewController.swift in Sources */ = {isa = PBXBuildFile; fileRef = 84AE1199288117A7008DB399 /* ViewController.swift */; };
		84AE119D288117A7008DB399 /* Main.storyboard in Resources */ = {isa = PBXBuildFile; fileRef = 84AE119B288117A7008DB399 /* Main.storyboard */; };
		84AE119F288117AB008DB399 /* Assets.xcassets in Resources */ = {isa = PBXBuildFile; fileRef = 84AE119E288117AB008DB399 /* Assets.xcassets */; };
		84AE11A2288117AB008DB399 /* LaunchScreen.storyboard in Resources */ = {isa = PBXBuildFile; fileRef = 84AE11A0288117AB008DB399 /* LaunchScreen.storyboard */; };
		84AE11AD288117AC008DB399 /* aboutmestoryboardTests.swift in Sources */ = {isa = PBXBuildFile; fileRef = 84AE11AC288117AC008DB399 /* aboutmestoryboardTests.swift */; };
		84AE11B7288117AC008DB399 /* aboutmestoryboardUITests.swift in Sources */ = {isa = PBXBuildFile; fileRef = 84AE11B6288117AC008DB399 /* aboutmestoryboardUITests.swift */; };
		84AE11B9288117AC008DB399 /* aboutmestoryboardUITestsLaunchTests.swift in Sources */ = {isa = PBXBuildFile; fileRef = 84AE11B8288117AC008DB399 /* aboutmestoryboardUITestsLaunchTests.swift */; };
/* End PBXBuildFile section */

/* Begin PBXContainerItemProxy section */
		84AE11A9288117AC008DB399 /* PBXContainerItemProxy */ = {
			isa = PBXContainerItemProxy;
			containerPortal = 84AE118A288117A7008DB399 /* Project object */;
			proxyType = 1;
			remoteGlobalIDString = 84AE1191288117A7008DB399;
			remoteInfo = aboutmestoryboard;
		};
		84AE11B3288117AC008DB399 /* PBXContainerItemProxy */ = {
			isa = PBXContainerItemProxy;
			containerPortal = 84AE118A288117A7008DB399 /* Project object */;
			proxyType = 1;
			remoteGlobalIDString = 84AE1191288117A7008DB399;
			remoteInfo = aboutmestoryboard;
		};
/* End PBXContainerItemProxy section */

/* Begin PBXFileReference section */
		84AE1192288117A7008DB399 /* aboutmestoryboard.app */ = {isa = PBXFileReference; explicitFileType = wrapper.application; includeInIndex = 0; path = aboutmestoryboard.app; sourceTree = BUILT_PRODUCTS_DIR; };
		84AE1195288117A7008DB399 /* AppDelegate.swift */ = {isa = PBXFileReference; lastKnownFileType = sourcecode.swift; path = AppDelegate.swift; sourceTree = "<group>"; };
		84AE1197288117A7008DB399 /* SceneDelegate.swift */ = {isa = PBXFileReference; lastKnownFileType = sourcecode.swift; path = SceneDelegate.swift; sourceTree = "<group>"; };
		84AE1199288117A7008DB399 /* ViewController.swift */ = {isa = PBXFileReference; lastKnownFileType = sourcecode.swift; path = ViewController.swift; sourceTree = "<group>"; };
		84AE119C288117A7008DB399 /* Base */ = {isa = PBXFileReference; lastKnownFileType = file.storyboard; name = Base; path = Base.lproj/Main.storyboard; sourceTree = "<group>"; };
		84AE119E288117AB008DB399 /* Assets.xcassets */ = {isa = PBXFileReference; lastKnownFileType = folder.assetcatalog; path = Assets.xcassets; sourceTree = "<group>"; };
		84AE11A1288117AB008DB399 /* Base */ = {isa = PBXFileReference; lastKnownFileType = file.storyboard; name = Base; path = Base.lproj/LaunchScreen.storyboard; sourceTree = "<group>"; };
		84AE11A3288117AB008DB399 /* Info.plist */ = {isa = PBXFileReference; lastKnownFileType = text.plist.xml; path = Info.plist; sourceTree = "<group>"; };
		84AE11A8288117AC008DB399 /* aboutmestoryboardTests.xctest */ = {isa = PBXFileReference; explicitFileType = wrapper.cfbundle; includeInIndex = 0; path = aboutmestoryboardTests.xctest; sourceTree = BUILT_PRODUCTS_DIR; };
		84AE11AC288117AC008DB399 /* aboutmestoryboardTests.swift */ = {isa = PBXFileReference; lastKnownFileType = sourcecode.swift; path = aboutmestoryboardTests.swift; sourceTree = "<group>"; };
		84AE11B2288117AC008DB399 /* aboutmestoryboardUITests.xctest */ = {isa = PBXFileReference; explicitFileType = wrapper.cfbundle; includeInIndex = 0; path = aboutmestoryboardUITests.xctest; sourceTree = BUILT_PRODUCTS_DIR; };
		84AE11B6288117AC008DB399 /* aboutmestoryboardUITests.swift */ = {isa = PBXFileReference; lastKnownFileType = sourcecode.swift; path = aboutmestoryboardUITests.swift; sourceTree = "<group>"; };
		84AE11B8288117AC008DB399 /* aboutmestoryboardUITestsLaunchTests.swift */ = {isa = PBXFileReference; lastKnownFileType = sourcecode.swift; path = aboutmestoryboardUITestsLaunchTests.swift; sourceTree = "<group>"; };
/* End PBXFileReference section */

/* Begin PBXFrameworksBuildPhase section */
		84AE118F288117A7008DB399 /* Frameworks */ = {
			isa = PBXFrameworksBuildPhase;
			buildActionMask = 2147483647;
			files = (
			);
			runOnlyForDeploymentPostprocessing = 0;
		};
		84AE11A5288117AC008DB399 /* Frameworks */ = {
			isa = PBXFrameworksBuildPhase;
			buildActionMask = 2147483647;
			files = (
			);
			runOnlyForDeploymentPostprocessing = 0;
		};
		84AE11AF288117AC008DB399 /* Frameworks */ = {
			isa = PBXFrameworksBuildPhase;
			buildActionMask = 2147483647;
			files = (
			);
			runOnlyForDeploymentPostprocessing = 0;
		};
/* End PBXFrameworksBuildPhase section */

/* Begin PBXGroup section */
		84AE1189288117A7008DB399 = {
			isa = PBXGroup;
			children = (
				84AE1194288117A7008DB399 /* aboutmestoryboard */,
				84AE11AB288117AC008DB399 /* aboutmestoryboardTests */,
				84AE11B5288117AC008DB399 /* aboutmestoryboardUITests */,
				84AE1193288117A7008DB399 /* Products */,
			);
			sourceTree = "<group>";
		};
		84AE1193288117A7008DB399 /* Products */ = {
			isa = PBXGroup;
			children = (
				84AE1192288117A7008DB399 /* aboutmestoryboard.app */,
				84AE11A8288117AC008DB399 /* aboutmestoryboardTests.xctest */,
				84AE11B2288117AC008DB399 /* aboutmestoryboardUITests.xctest */,
			);
			name = Products;
			sourceTree = "<group>";
		};
		84AE1194288117A7008DB399 /* aboutmestoryboard */ = {
			isa = PBXGroup;
			children = (
				84AE1195288117A7008DB399 /* AppDelegate.swift */,
				84AE1197288117A7008DB399 /* SceneDelegate.swift */,
				84AE1199288117A7008DB399 /* ViewController.swift */,
				84AE119B288117A7008DB399 /* Main.storyboard */,
				84AE119E288117AB008DB399 /* Assets.xcassets */,
				84AE11A0288117AB008DB399 /* LaunchScreen.storyboard */,
				84AE11A3288117AB008DB399 /* Info.plist */,
			);
			path = aboutmestoryboard;
			sourceTree = "<group>";
		};
		84AE11AB288117AC008DB399 /* aboutmestoryboardTests */ = {
			isa = PBXGroup;
			children = (
				84AE11AC288117AC008DB399 /* aboutmestoryboardTests.swift */,
			);
			path = aboutmestoryboardTests;
			sourceTree = "<group>";
		};
		84AE11B5288117AC008DB399 /* aboutmestoryboardUITests */ = {
			isa = PBXGroup;
			children = (
				84AE11B6288117AC008DB399 /* aboutmestoryboardUITests.swift */,
				84AE11B8288117AC008DB399 /* aboutmestoryboardUITestsLaunchTests.swift */,
			);
			path = aboutmestoryboardUITests;
			sourceTree = "<group>";
		};
/* End PBXGroup section */

/* Begin PBXNativeTarget section */
		84AE1191288117A7008DB399 /* aboutmestoryboard */ = {
			isa = PBXNativeTarget;
			buildConfigurationList = 84AE11BC288117AC008DB399 /* Build configuration list for PBXNativeTarget "aboutmestoryboard" */;
			buildPhases = (
				84AE118E288117A7008DB399 /* Sources */,
				84AE118F288117A7008DB399 /* Frameworks */,
				84AE1190288117A7008DB399 /* Resources */,
			);
			buildRules = (
			);
			dependencies = (
			);
			name = aboutmestoryboard;
			productName = aboutmestoryboard;
			productReference = 84AE1192288117A7008DB399 /* aboutmestoryboard.app */;
			productType = "com.apple.product-type.application";
		};
		84AE11A7288117AC008DB399 /* aboutmestoryboardTests */ = {
			isa = PBXNativeTarget;
			buildConfigurationList = 84AE11BF288117AC008DB399 /* Build configuration list for PBXNativeTarget "aboutmestoryboardTests" */;
			buildPhases = (
				84AE11A4288117AC008DB399 /* Sources */,
				84AE11A5288117AC008DB399 /* Frameworks */,
				84AE11A6288117AC008DB399 /* Resources */,
			);
			buildRules = (
			);
			dependencies = (
				84AE11AA288117AC008DB399 /* PBXTargetDependency */,
			);
			name = aboutmestoryboardTests;
			productName = aboutmestoryboardTests;
			productReference = 84AE11A8288117AC008DB399 /* aboutmestoryboardTests.xctest */;
			productType = "com.apple.product-type.bundle.unit-test";
		};
		84AE11B1288117AC008DB399 /* aboutmestoryboardUITests */ = {
			isa = PBXNativeTarget;
			buildConfigurationList = 84AE11C2288117AC008DB399 /* Build configuration list for PBXNativeTarget "aboutmestoryboardUITests" */;
			buildPhases = (
				84AE11AE288117AC008DB399 /* Sources */,
				84AE11AF288117AC008DB399 /* Frameworks */,
				84AE11B0288117AC008DB399 /* Resources */,
			);
			buildRules = (
			);
			dependencies = (
				84AE11B4288117AC008DB399 /* PBXTargetDependency */,
			);
			name = aboutmestoryboardUITests;
			productName = aboutmestoryboardUITests;
			productReference = 84AE11B2288117AC008DB399 /* aboutmestoryboardUITests.xctest */;
			productType = "com.apple.product-type.bundle.ui-testing";
		};
/* End PBXNativeTarget section */

/* Begin PBXProject section */
		84AE118A288117A7008DB399 /* Project object */ = {
			isa = PBXProject;
			attributes = {
				BuildIndependentTargetsInParallel = 1;
				LastSwiftUpdateCheck = 1340;
				LastUpgradeCheck = 1340;
				TargetAttributes = {
					84AE1191288117A7008DB399 = {
						CreatedOnToolsVersion = 13.4.1;
					};
					84AE11A7288117AC008DB399 = {
						CreatedOnToolsVersion = 13.4.1;
						TestTargetID = 84AE1191288117A7008DB399;
					};
					84AE11B1288117AC008DB399 = {
						CreatedOnToolsVersion = 13.4.1;
						TestTargetID = 84AE1191288117A7008DB399;
					};
				};
			};
			buildConfigurationList = 84AE118D288117A7008DB399 /* Build configuration list for PBXProject "aboutmestoryboard" */;
			compatibilityVersion = "Xcode 13.0";
			developmentRegion = en;
			hasScannedForEncodings = 0;
			knownRegions = (
				en,
				Base,
			);
			mainGroup = 84AE1189288117A7008DB399;
			productRefGroup = 84AE1193288117A7008DB399 /* Products */;
			projectDirPath = "";
			projectRoot = "";
			targets = (
				84AE1191288117A7008DB399 /* aboutmestoryboard */,
				84AE11A7288117AC008DB399 /* aboutmestoryboardTests */,
				84AE11B1288117AC008DB399 /* aboutmestoryboardUITests */,
			);
		};
/* End PBXProject section */

/* Begin PBXResourcesBuildPhase section */
		84AE1190288117A7008DB399 /* Resources */ = {
			isa = PBXResourcesBuildPhase;
			buildActionMask = 2147483647;
			files = (
				84AE11A2288117AB008DB399 /* LaunchScreen.storyboard in Resources */,
				84AE119F288117AB008DB399 /* Assets.xcassets in Resources */,
				84AE119D288117A7008DB399 /* Main.storyboard in Resources */,
			);
			runOnlyForDeploymentPostprocessing = 0;
		};
		84AE11A6288117AC008DB399 /* Resources */ = {
			isa = PBXResourcesBuildPhase;
			buildActionMask = 2147483647;
			files = (
			);
			runOnlyForDeploymentPostprocessing = 0;
		};
		84AE11B0288117AC008DB399 /* Resources */ = {
			isa = PBXResourcesBuildPhase;
			buildActionMask = 2147483647;
			files = (
			);
			runOnlyForDeploymentPostprocessing = 0;
		};
/* End PBXResourcesBuildPhase section */

/* Begin PBXSourcesBuildPhase section */
		84AE118E288117A7008DB399 /* Sources */ = {
			isa = PBXSourcesBuildPhase;
			buildActionMask = 2147483647;
			files = (
				84AE119A288117A7008DB399 /* ViewController.swift in Sources */,
				84AE1196288117A7008DB399 /* AppDelegate.swift in Sources */,
				84AE1198288117A7008DB399 /* SceneDelegate.swift in Sources */,
			);
			runOnlyForDeploymentPostprocessing = 0;
		};
		84AE11A4288117AC008DB399 /* Sources */ = {
			isa = PBXSourcesBuildPhase;
			buildActionMask = 2147483647;
			files = (
				84AE11AD288117AC008DB399 /* aboutmestoryboardTests.swift in Sources */,
			);
			runOnlyForDeploymentPostprocessing = 0;
		};
		84AE11AE288117AC008DB399 /* Sources */ = {
			isa = PBXSourcesBuildPhase;
			buildActionMask = 2147483647;
			files = (
				84AE11B7288117AC008DB399 /* aboutmestoryboardUITests.swift in Sources */,
				84AE11B9288117AC008DB399 /* aboutmestoryboardUITestsLaunchTests.swift in Sources */,
			);
			runOnlyForDeploymentPostprocessing = 0;
		};
/* End PBXSourcesBuildPhase section */

/* Begin PBXTargetDependency section */
		84AE11AA288117AC008DB399 /* PBXTargetDependency */ = {
			isa = PBXTargetDependency;
			target = 84AE1191288117A7008DB399 /* aboutmestoryboard */;
			targetProxy = 84AE11A9288117AC008DB399 /* PBXContainerItemProxy */;
		};
		84AE11B4288117AC008DB399 /* PBXTargetDependency */ = {
			isa = PBXTargetDependency;
			target = 84AE1191288117A7008DB399 /* aboutmestoryboard */;
			targetProxy = 84AE11B3288117AC008DB399 /* PBXContainerItemProxy */;
		};
/* End PBXTargetDependency section */

/* Begin PBXVariantGroup section */
		84AE119B288117A7008DB399 /* Main.storyboard */ = {
			isa = PBXVariantGroup;
			children = (
				84AE119C288117A7008DB399 /* Base */,
			);
			name = Main.storyboard;
			sourceTree = "<group>";
		};
		84AE11A0288117AB008DB399 /* LaunchScreen.storyboard */ = {
			isa = PBXVariantGroup;
			children = (
				84AE11A1288117AB008DB399 /* Base */,
			);
			name = LaunchScreen.storyboard;
			sourceTree = "<group>";
		};
/* End PBXVariantGroup section */

/* Begin XCBuildConfiguration section */
		84AE11BA288117AC008DB399 /* Debug */ = {
			isa = XCBuildConfiguration;
			buildSettings = {
				ALWAYS_SEARCH_USER_PATHS = NO;
				CLANG_ANALYZER_NONNULL = YES;
				CLANG_ANALYZER_NUMBER_OBJECT_CONVERSION = YES_AGGRESSIVE;
				CLANG_CXX_LANGUAGE_STANDARD = "gnu++17";
				CLANG_ENABLE_MODULES = YES;
				CLANG_ENABLE_OBJC_ARC = YES;
				CLANG_ENABLE_OBJC_WEAK = YES;
				CLANG_WARN_BLOCK_CAPTURE_AUTORELEASING = YES;
				CLANG_WARN_BOOL_CONVERSION = YES;
				CLANG_WARN_COMMA = YES;
				CLANG_WARN_CONSTANT_CONVERSION = YES;
				CLANG_WARN_DEPRECATED_OBJC_IMPLEMENTATIONS = YES;
				CLANG_WARN_DIRECT_OBJC_ISA_USAGE = YES_ERROR;
				CLANG_WARN_DOCUMENTATION_COMMENTS = YES;
				CLANG_WARN_EMPTY_BODY = YES;
				CLANG_WARN_ENUM_CONVERSION = YES;
				CLANG_WARN_INFINITE_RECURSION = YES;
				CLANG_WARN_INT_CONVERSION = YES;
				CLANG_WARN_NON_LITERAL_NULL_CONVERSION = YES;
				CLANG_WARN_OBJC_IMPLICIT_RETAIN_SELF = YES;
				CLANG_WARN_OBJC_LITERAL_CONVERSION = YES;
				CLANG_WARN_OBJC_ROOT_CLASS = YES_ERROR;
				CLANG_WARN_QUOTED_INCLUDE_IN_FRAMEWORK_HEADER = YES;
				CLANG_WARN_RANGE_LOOP_ANALYSIS = YES;
				CLANG_WARN_STRICT_PROTOTYPES = YES;
				CLANG_WARN_SUSPICIOUS_MOVE = YES;
				CLANG_WARN_UNGUARDED_AVAILABILITY = YES_AGGRESSIVE;
				CLANG_WARN_UNREACHABLE_CODE = YES;
				CLANG_WARN__DUPLICATE_METHOD_MATCH = YES;
				COPY_PHASE_STRIP = NO;
				DEBUG_INFORMATION_FORMAT = dwarf;
				ENABLE_STRICT_OBJC_MSGSEND = YES;
				ENABLE_TESTABILITY = YES;
				GCC_C_LANGUAGE_STANDARD = gnu11;
				GCC_DYNAMIC_NO_PIC = NO;
				GCC_NO_COMMON_BLOCKS = YES;
				GCC_OPTIMIZATION_LEVEL = 0;
				GCC_PREPROCESSOR_DEFINITIONS = (
					"DEBUG=1",
					"$(inherited)",
				);
				GCC_WARN_64_TO_32_BIT_CONVERSION = YES;
				GCC_WARN_ABOUT_RETURN_TYPE = YES_ERROR;
				GCC_WARN_UNDECLARED_SELECTOR = YES;
				GCC_WARN_UNINITIALIZED_AUTOS = YES_AGGRESSIVE;
				GCC_WARN_UNUSED_FUNCTION = YES;
				GCC_WARN_UNUSED_VARIABLE = YES;
				IPHONEOS_DEPLOYMENT_TARGET = 15.5;
				MTL_ENABLE_DEBUG_INFO = INCLUDE_SOURCE;
				MTL_FAST_MATH = YES;
				ONLY_ACTIVE_ARCH = YES;
				SDKROOT = iphoneos;
				SWIFT_ACTIVE_COMPILATION_CONDITIONS = DEBUG;
				SWIFT_OPTIMIZATION_LEVEL = "-Onone";
			};
			name = Debug;
		};
		84AE11BB288117AC008DB399 /* Release */ = {
			isa = XCBuildConfiguration;
			buildSettings = {
				ALWAYS_SEARCH_USER_PATHS = NO;
				CLANG_ANALYZER_NONNULL = YES;
				CLANG_ANALYZER_NUMBER_OBJECT_CONVERSION = YES_AGGRESSIVE;
				CLANG_CXX_LANGUAGE_STANDARD = "gnu++17";
				CLANG_ENABLE_MODULES = YES;
				CLANG_ENABLE_OBJC_ARC = YES;
				CLANG_ENABLE_OBJC_WEAK = YES;
				CLANG_WARN_BLOCK_CAPTURE_AUTORELEASING = YES;
				CLANG_WARN_BOOL_CONVERSION = YES;
				CLANG_WARN_COMMA = YES;
				CLANG_WARN_CONSTANT_CONVERSION = YES;
				CLANG_WARN_DEPRECATED_OBJC_IMPLEMENTATIONS = YES;
				CLANG_WARN_DIRECT_OBJC_ISA_USAGE = YES_ERROR;
				CLANG_WARN_DOCUMENTATION_COMMENTS = YES;
				CLANG_WARN_EMPTY_BODY = YES;
				CLANG_WARN_ENUM_CONVERSION = YES;
				CLANG_WARN_INFINITE_RECURSION = YES;
				CLANG_WARN_INT_CONVERSION = YES;
				CLANG_WARN_NON_LITERAL_NULL_CONVERSION = YES;
				CLANG_WARN_OBJC_IMPLICIT_RETAIN_SELF = YES;
				CLANG_WARN_OBJC_LITERAL_CONVERSION = YES;
				CLANG_WARN_OBJC_ROOT_CLASS = YES_ERROR;
				CLANG_WARN_QUOTED_INCLUDE_IN_FRAMEWORK_HEADER = YES;
				CLANG_WARN_RANGE_LOOP_ANALYSIS = YES;
				CLANG_WARN_STRICT_PROTOTYPES = YES;
				CLANG_WARN_SUSPICIOUS_MOVE = YES;
				CLANG_WARN_UNGUARDED_AVAILABILITY = YES_AGGRESSIVE;
				CLANG_WARN_UNREACHABLE_CODE = YES;
				CLANG_WARN__DUPLICATE_METHOD_MATCH = YES;
				COPY_PHASE_STRIP = NO;
				DEBUG_INFORMATION_FORMAT = "dwarf-with-dsym";
				ENABLE_NS_ASSERTIONS = NO;
				ENABLE_STRICT_OBJC_MSGSEND = YES;
				GCC_C_LANGUAGE_STANDARD = gnu11;
				GCC_NO_COMMON_BLOCKS = YES;
				GCC_WARN_64_TO_32_BIT_CONVERSION = YES;
				GCC_WARN_ABOUT_RETURN_TYPE = YES_ERROR;
				GCC_WARN_UNDECLARED_SELECTOR = YES;
				GCC_WARN_UNINITIALIZED_AUTOS = YES_AGGRESSIVE;
				GCC_WARN_UNUSED_FUNCTION = YES;
				GCC_WARN_UNUSED_VARIABLE = YES;
				IPHONEOS_DEPLOYMENT_TARGET = 15.5;
				MTL_ENABLE_DEBUG_INFO = NO;
				MTL_FAST_MATH = YES;
				SDKROOT = iphoneos;
				SWIFT_COMPILATION_MODE = wholemodule;
				SWIFT_OPTIMIZATION_LEVEL = "-O";
				VALIDATE_PRODUCT = YES;
			};
			name = Release;
		};
		84AE11BD288117AC008DB399 /* Debug */ = {
			isa = XCBuildConfiguration;
			buildSettings = {
				ASSETCATALOG_COMPILER_APPICON_NAME = AppIcon;
				ASSETCATALOG_COMPILER_GLOBAL_ACCENT_COLOR_NAME = AccentColor;
				CODE_SIGN_STYLE = Automatic;
				CURRENT_PROJECT_VERSION = 1;
				DEVELOPMENT_TEAM = 6DV756R6QZ;
				GENERATE_INFOPLIST_FILE = YES;
				INFOPLIST_FILE = aboutmestoryboard/Info.plist;
				INFOPLIST_KEY_UIApplicationSupportsIndirectInputEvents = YES;
				INFOPLIST_KEY_UILaunchStoryboardName = LaunchScreen;
				INFOPLIST_KEY_UIMainStoryboardFile = Main;
				INFOPLIST_KEY_UISupportedInterfaceOrientations_iPad = "UIInterfaceOrientationPortrait UIInterfaceOrientationPortraitUpsideDown UIInterfaceOrientationLandscapeLeft UIInterfaceOrientationLandscapeRight";
				INFOPLIST_KEY_UISupportedInterfaceOrientations_iPhone = "UIInterfaceOrientationPortrait UIInterfaceOrientationLandscapeLeft UIInterfaceOrientationLandscapeRight";
				LD_RUNPATH_SEARCH_PATHS = (
					"$(inherited)",
					"@executable_path/Frameworks",
				);
				MARKETING_VERSION = 1.0;
				PRODUCT_BUNDLE_IDENTIFIER = STORYBOARD.aboutmestoryboard;
				PRODUCT_NAME = "$(TARGET_NAME)";
				SWIFT_EMIT_LOC_STRINGS = YES;
				SWIFT_VERSION = 5.0;
				TARGETED_DEVICE_FAMILY = "1,2";
			};
			name = Debug;
		};
		84AE11BE288117AC008DB399 /* Release */ = {
			isa = XCBuildConfiguration;
			buildSettings = {
				ASSETCATALOG_COMPILER_APPICON_NAME = AppIcon;
				ASSETCATALOG_COMPILER_GLOBAL_ACCENT_COLOR_NAME = AccentColor;
				CODE_SIGN_STYLE = Automatic;
				CURRENT_PROJECT_VERSION = 1;
				DEVELOPMENT_TEAM = 6DV756R6QZ;
				GENERATE_INFOPLIST_FILE = YES;
				INFOPLIST_FILE = aboutmestoryboard/Info.plist;
				INFOPLIST_KEY_UIApplicationSupportsIndirectInputEvents = YES;
				INFOPLIST_KEY_UILaunchStoryboardName = LaunchScreen;
				INFOPLIST_KEY_UIMainStoryboardFile = Main;
				INFOPLIST_KEY_UISupportedInterfaceOrientations_iPad = "UIInterfaceOrientationPortrait UIInterfaceOrientationPortraitUpsideDown UIInterfaceOrientationLandscapeLeft UIInterfaceOrientationLandscapeRight";
				INFOPLIST_KEY_UISupportedInterfaceOrientations_iPhone = "UIInterfaceOrientationPortrait UIInterfaceOrientationLandscapeLeft UIInterfaceOrientationLandscapeRight";
				LD_RUNPATH_SEARCH_PATHS = (
					"$(inherited)",
					"@executable_path/Frameworks",
				);
				MARKETING_VERSION = 1.0;
				PRODUCT_BUNDLE_IDENTIFIER = STORYBOARD.aboutmestoryboard;
				PRODUCT_NAME = "$(TARGET_NAME)";
				SWIFT_EMIT_LOC_STRINGS = YES;
				SWIFT_VERSION = 5.0;
				TARGETED_DEVICE_FAMILY = "1,2";
			};
			name = Release;
		};
		84AE11C0288117AC008DB399 /* Debug */ = {
			isa = XCBuildConfiguration;
			buildSettings = {
				ALWAYS_EMBED_SWIFT_STANDARD_LIBRARIES = YES;
				BUNDLE_LOADER = "$(TEST_HOST)";
				CODE_SIGN_STYLE = Automatic;
				CURRENT_PROJECT_VERSION = 1;
				DEVELOPMENT_TEAM = 6DV756R6QZ;
				GENERATE_INFOPLIST_FILE = YES;
				IPHONEOS_DEPLOYMENT_TARGET = 15.5;
				MARKETING_VERSION = 1.0;
				PRODUCT_BUNDLE_IDENTIFIER = STORYBOARD.aboutmestoryboardTests;
				PRODUCT_NAME = "$(TARGET_NAME)";
				SWIFT_EMIT_LOC_STRINGS = NO;
				SWIFT_VERSION = 5.0;
				TARGETED_DEVICE_FAMILY = "1,2";
				TEST_HOST = "$(BUILT_PRODUCTS_DIR)/aboutmestoryboard.app/aboutmestoryboard";
			};
			name = Debug;
		};
		84AE11C1288117AC008DB399 /* Release */ = {
			isa = XCBuildConfiguration;
			buildSettings = {
				ALWAYS_EMBED_SWIFT_STANDARD_LIBRARIES = YES;
				BUNDLE_LOADER = "$(TEST_HOST)";
				CODE_SIGN_STYLE = Automatic;
				CURRENT_PROJECT_VERSION = 1;
				DEVELOPMENT_TEAM = 6DV756R6QZ;
				GENERATE_INFOPLIST_FILE = YES;
				IPHONEOS_DEPLOYMENT_TARGET = 15.5;
				MARKETING_VERSION = 1.0;
				PRODUCT_BUNDLE_IDENTIFIER = STORYBOARD.aboutmestoryboardTests;
				PRODUCT_NAME = "$(TARGET_NAME)";
				SWIFT_EMIT_LOC_STRINGS = NO;
				SWIFT_VERSION = 5.0;
				TARGETED_DEVICE_FAMILY = "1,2";
				TEST_HOST = "$(BUILT_PRODUCTS_DIR)/aboutmestoryboard.app/aboutmestoryboard";
			};
			name = Release;
		};
		84AE11C3288117AC008DB399 /* Debug */ = {
			isa = XCBuildConfiguration;
			buildSettings = {
				ALWAYS_EMBED_SWIFT_STANDARD_LIBRARIES = YES;
				CODE_SIGN_STYLE = Automatic;
				CURRENT_PROJECT_VERSION = 1;
				DEVELOPMENT_TEAM = 6DV756R6QZ;
				GENERATE_INFOPLIST_FILE = YES;
				MARKETING_VERSION = 1.0;
				PRODUCT_BUNDLE_IDENTIFIER = STORYBOARD.aboutmestoryboardUITests;
				PRODUCT_NAME = "$(TARGET_NAME)";
				SWIFT_EMIT_LOC_STRINGS = NO;
				SWIFT_VERSION = 5.0;
				TARGETED_DEVICE_FAMILY = "1,2";
				TEST_TARGET_NAME = aboutmestoryboard;
			};
			name = Debug;
		};
		84AE11C4288117AC008DB399 /* Release */ = {
			isa = XCBuildConfiguration;
			buildSettings = {
				ALWAYS_EMBED_SWIFT_STANDARD_LIBRARIES = YES;
				CODE_SIGN_STYLE = Automatic;
				CURRENT_PROJECT_VERSION = 1;
				DEVELOPMENT_TEAM = 6DV756R6QZ;
				GENERATE_INFOPLIST_FILE = YES;
				MARKETING_VERSION = 1.0;
				PRODUCT_BUNDLE_IDENTIFIER = STORYBOARD.aboutmestoryboardUITests;
				PRODUCT_NAME = "$(TARGET_NAME)";
				SWIFT_EMIT_LOC_STRINGS = NO;
				SWIFT_VERSION = 5.0;
				TARGETED_DEVICE_FAMILY = "1,2";
				TEST_TARGET_NAME = aboutmestoryboard;
			};
			name = Release;
		};
/* End XCBuildConfiguration section */

/* Begin XCConfigurationList section */
		84AE118D288117A7008DB399 /* Build configuration list for PBXProject "aboutmestoryboard" */ = {
			isa = XCConfigurationList;
			buildConfigurations = (
				84AE11BA288117AC008DB399 /* Debug */,
				84AE11BB288117AC008DB399 /* Release */,
			);
			defaultConfigurationIsVisible = 0;
			defaultConfigurationName = Release;
		};
		84AE11BC288117AC008DB399 /* Build configuration list for PBXNativeTarget "aboutmestoryboard" */ = {
			isa = XCConfigurationList;
			buildConfigurations = (
				84AE11BD288117AC008DB399 /* Debug */,
				84AE11BE288117AC008DB399 /* Release */,
			);
			defaultConfigurationIsVisible = 0;
			defaultConfigurationName = Release;
		};
		84AE11BF288117AC008DB399 /* Build configuration list for PBXNativeTarget "aboutmestoryboardTests" */ = {
			isa = XCConfigurationList;
			buildConfigurations = (
				84AE11C0288117AC008DB399 /* Debug */,
				84AE11C1288117AC008DB399 /* Release */,
			);
			defaultConfigurationIsVisible = 0;
			defaultConfigurationName = Release;
		};
		84AE11C2288117AC008DB399 /* Build configuration list for PBXNativeTarget "aboutmestoryboardUITests" */ = {
			isa = XCConfigurationList;
			buildConfigurations = (
				84AE11C3288117AC008DB399 /* Debug */,
				84AE11C4288117AC008DB399 /* Release */,
			);
			defaultConfigurationIsVisible = 0;
			defaultConfigurationName = Release;
		};
/* End XCConfigurationList section */
	};
	rootObject = 84AE118A288117A7008DB399 /* Project object */;
}
